// !$*UTF8*$!
{
	archiveVersion = 1;
	classes = {
	};
	objectVersion = 50;
	objects = {

/* Begin PBXBuildFile section */
		A63430D9249F0CA40058046B /* AppDelegate.swift in Sources */ = {isa = PBXBuildFile; fileRef = A63430D8249F0CA40058046B /* AppDelegate.swift */; };
		A63430DB249F0CA40058046B /* ViewController.swift in Sources */ = {isa = PBXBuildFile; fileRef = A63430DA249F0CA40058046B /* ViewController.swift */; };
		A63430DE249F0CA40058046B /* Main.storyboard in Resources */ = {isa = PBXBuildFile; fileRef = A63430DC249F0CA40058046B /* Main.storyboard */; };
		A63430E0249F0CA50058046B /* Assets.xcassets in Resources */ = {isa = PBXBuildFile; fileRef = A63430DF249F0CA50058046B /* Assets.xcassets */; };
		A63430E3249F0CA50058046B /* LaunchScreen.storyboard in Resources */ = {isa = PBXBuildFile; fileRef = A63430E1249F0CA50058046B /* LaunchScreen.storyboard */; };
		A63430EE249F0CA60058046B /* ThaBong2Tests.swift in Sources */ = {isa = PBXBuildFile; fileRef = A63430ED249F0CA60058046B /* ThaBong2Tests.swift */; };
		A63430F9249F0CA60058046B /* ThaBong2UITests.swift in Sources */ = {isa = PBXBuildFile; fileRef = A63430F8249F0CA60058046B /* ThaBong2UITests.swift */; };
/* End PBXBuildFile section */

/* Begin PBXContainerItemProxy section */
		A63430EA249F0CA60058046B /* PBXContainerItemProxy */ = {
			isa = PBXContainerItemProxy;
			containerPortal = A63430CD249F0CA40058046B /* Project object */;
			proxyType = 1;
			remoteGlobalIDString = A63430D4249F0CA40058046B;
			remoteInfo = ThaBong2;
		};
		A63430F5249F0CA60058046B /* PBXContainerItemProxy */ = {
			isa = PBXContainerItemProxy;
			containerPortal = A63430CD249F0CA40058046B /* Project object */;
			proxyType = 1;
			remoteGlobalIDString = A63430D4249F0CA40058046B;
			remoteInfo = ThaBong2;
		};
/* End PBXContainerItemProxy section */

/* Begin PBXFileReference section */
		A63430D5249F0CA40058046B /* ThaBong2.app */ = {isa = PBXFileReference; explicitFileType = wrapper.application; includeInIndex = 0; path = ThaBong2.app; sourceTree = BUILT_PRODUCTS_DIR; };
		A63430D8249F0CA40058046B /* AppDelegate.swift */ = {isa = PBXFileReference; lastKnownFileType = sourcecode.swift; path = AppDelegate.swift; sourceTree = "<group>"; };
		A63430DA249F0CA40058046B /* ViewController.swift */ = {isa = PBXFileReference; lastKnownFileType = sourcecode.swift; path = ViewController.swift; sourceTree = "<group>"; };
		A63430DD249F0CA40058046B /* Base */ = {isa = PBXFileReference; lastKnownFileType = file.storyboard; name = Base; path = Base.lproj/Main.storyboard; sourceTree = "<group>"; };
		A63430DF249F0CA50058046B /* Assets.xcassets */ = {isa = PBXFileReference; lastKnownFileType = folder.assetcatalog; path = Assets.xcassets; sourceTree = "<group>"; };
		A63430E2249F0CA50058046B /* Base */ = {isa = PBXFileReference; lastKnownFileType = file.storyboard; name = Base; path = Base.lproj/LaunchScreen.storyboard; sourceTree = "<group>"; };
		A63430E4249F0CA50058046B /* Info.plist */ = {isa = PBXFileReference; lastKnownFileType = text.plist.xml; path = Info.plist; sourceTree = "<group>"; };
		A63430E9249F0CA60058046B /* ThaBong2Tests.xctest */ = {isa = PBXFileReference; explicitFileType = wrapper.cfbundle; includeInIndex = 0; path = ThaBong2Tests.xctest; sourceTree = BUILT_PRODUCTS_DIR; };
		A63430ED249F0CA60058046B /* ThaBong2Tests.swift */ = {isa = PBXFileReference; lastKnownFileType = sourcecode.swift; path = ThaBong2Tests.swift; sourceTree = "<group>"; };
		A63430EF249F0CA60058046B /* Info.plist */ = {isa = PBXFileReference; lastKnownFileType = text.plist.xml; path = Info.plist; sourceTree = "<group>"; };
		A63430F4249F0CA60058046B /* ThaBong2UITests.xctest */ = {isa = PBXFileReference; explicitFileType = wrapper.cfbundle; includeInIndex = 0; path = ThaBong2UITests.xctest; sourceTree = BUILT_PRODUCTS_DIR; };
		A63430F8249F0CA60058046B /* ThaBong2UITests.swift */ = {isa = PBXFileReference; lastKnownFileType = sourcecode.swift; path = ThaBong2UITests.swift; sourceTree = "<group>"; };
		A63430FA249F0CA60058046B /* Info.plist */ = {isa = PBXFileReference; lastKnownFileType = text.plist.xml; path = Info.plist; sourceTree = "<group>"; };
/* End PBXFileReference section */

/* Begin PBXFrameworksBuildPhase section */
		A63430D2249F0CA40058046B /* Frameworks */ = {
			isa = PBXFrameworksBuildPhase;
			buildActionMask = 2147483647;
			files = (
			);
			runOnlyForDeploymentPostprocessing = 0;
		};
		A63430E6249F0CA60058046B /* Frameworks */ = {
			isa = PBXFrameworksBuildPhase;
			buildActionMask = 2147483647;
			files = (
			);
			runOnlyForDeploymentPostprocessing = 0;
		};
		A63430F1249F0CA60058046B /* Frameworks */ = {
			isa = PBXFrameworksBuildPhase;
			buildActionMask = 2147483647;
			files = (
			);
			runOnlyForDeploymentPostprocessing = 0;
		};
/* End PBXFrameworksBuildPhase section */

/* Begin PBXGroup section */
		A63430CC249F0CA40058046B = {
			isa = PBXGroup;
			children = (
				A63430D7249F0CA40058046B /* ThaBong2 */,
				A63430EC249F0CA60058046B /* ThaBong2Tests */,
				A63430F7249F0CA60058046B /* ThaBong2UITests */,
				A63430D6249F0CA40058046B /* Products */,
			);
			sourceTree = "<group>";
		};
		A63430D6249F0CA40058046B /* Products */ = {
			isa = PBXGroup;
			children = (
				A63430D5249F0CA40058046B /* ThaBong2.app */,
				A63430E9249F0CA60058046B /* ThaBong2Tests.xctest */,
				A63430F4249F0CA60058046B /* ThaBong2UITests.xctest */,
			);
			name = Products;
			sourceTree = "<group>";
		};
		A63430D7249F0CA40058046B /* ThaBong2 */ = {
			isa = PBXGroup;
			children = (
				A63430D8249F0CA40058046B /* AppDelegate.swift */,
				A63430DA249F0CA40058046B /* ViewController.swift */,
				A63430DC249F0CA40058046B /* Main.storyboard */,
				A63430DF249F0CA50058046B /* Assets.xcassets */,
				A63430E1249F0CA50058046B /* LaunchScreen.storyboard */,
				A63430E4249F0CA50058046B /* Info.plist */,
			);
			path = ThaBong2;
			sourceTree = "<group>";
		};
		A63430EC249F0CA60058046B /* ThaBong2Tests */ = {
			isa = PBXGroup;
			children = (
				A63430ED249F0CA60058046B /* ThaBong2Tests.swift */,
				A63430EF249F0CA60058046B /* Info.plist */,
			);
			path = ThaBong2Tests;
			sourceTree = "<group>";
		};
		A63430F7249F0CA60058046B /* ThaBong2UITests */ = {
			isa = PBXGroup;
			children = (
				A63430F8249F0CA60058046B /* ThaBong2UITests.swift */,
				A63430FA249F0CA60058046B /* Info.plist */,
			);
			path = ThaBong2UITests;
			sourceTree = "<group>";
		};
/* End PBXGroup section */

/* Begin PBXNativeTarget section */
		A63430D4249F0CA40058046B /* ThaBong2 */ = {
			isa = PBXNativeTarget;
			buildConfigurationList = A63430FD249F0CA60058046B /* Build configuration list for PBXNativeTarget "ThaBong2" */;
			buildPhases = (
				A63430D1249F0CA40058046B /* Sources */,
				A63430D2249F0CA40058046B /* Frameworks */,
				A63430D3249F0CA40058046B /* Resources */,
			);
			buildRules = (
			);
			dependencies = (
			);
			name = ThaBong2;
			productName = ThaBong2;
			productReference = A63430D5249F0CA40058046B /* ThaBong2.app */;
			productType = "com.apple.product-type.application";
		};
		A63430E8249F0CA60058046B /* ThaBong2Tests */ = {
			isa = PBXNativeTarget;
			buildConfigurationList = A6343100249F0CA60058046B /* Build configuration list for PBXNativeTarget "ThaBong2Tests" */;
			buildPhases = (
				A63430E5249F0CA60058046B /* Sources */,
				A63430E6249F0CA60058046B /* Frameworks */,
				A63430E7249F0CA60058046B /* Resources */,
			);
			buildRules = (
			);
			dependencies = (
				A63430EB249F0CA60058046B /* PBXTargetDependency */,
			);
			name = ThaBong2Tests;
			productName = ThaBong2Tests;
			productReference = A63430E9249F0CA60058046B /* ThaBong2Tests.xctest */;
			productType = "com.apple.product-type.bundle.unit-test";
		};
		A63430F3249F0CA60058046B /* ThaBong2UITests */ = {
			isa = PBXNativeTarget;
			buildConfigurationList = A6343103249F0CA60058046B /* Build configuration list for PBXNativeTarget "ThaBong2UITests" */;
			buildPhases = (
				A63430F0249F0CA60058046B /* Sources */,
				A63430F1249F0CA60058046B /* Frameworks */,
				A63430F2249F0CA60058046B /* Resources */,
			);
			buildRules = (
			);
			dependencies = (
				A63430F6249F0CA60058046B /* PBXTargetDependency */,
			);
			name = ThaBong2UITests;
			productName = ThaBong2UITests;
			productReference = A63430F4249F0CA60058046B /* ThaBong2UITests.xctest */;
			productType = "com.apple.product-type.bundle.ui-testing";
		};
/* End PBXNativeTarget section */

/* Begin PBXProject section */
		A63430CD249F0CA40058046B /* Project object */ = {
			isa = PBXProject;
			attributes = {
				LastSwiftUpdateCheck = 1010;
				LastUpgradeCheck = 1010;
				ORGANIZATIONNAME = Tung;
				TargetAttributes = {
					A63430D4249F0CA40058046B = {
						CreatedOnToolsVersion = 10.1;
					};
					A63430E8249F0CA60058046B = {
						CreatedOnToolsVersion = 10.1;
						TestTargetID = A63430D4249F0CA40058046B;
					};
					A63430F3249F0CA60058046B = {
						CreatedOnToolsVersion = 10.1;
						TestTargetID = A63430D4249F0CA40058046B;
					};
				};
			};
			buildConfigurationList = A63430D0249F0CA40058046B /* Build configuration list for PBXProject "ThaBong2" */;
			compatibilityVersion = "Xcode 9.3";
			developmentRegion = en;
			hasScannedForEncodings = 0;
			knownRegions = (
				en,
				Base,
			);
			mainGroup = A63430CC249F0CA40058046B;
			productRefGroup = A63430D6249F0CA40058046B /* Products */;
			projectDirPath = "";
			projectRoot = "";
			targets = (
				A63430D4249F0CA40058046B /* ThaBong2 */,
				A63430E8249F0CA60058046B /* ThaBong2Tests */,
				A63430F3249F0CA60058046B /* ThaBong2UITests */,
			);
		};
/* End PBXProject section */

/* Begin PBXResourcesBuildPhase section */
		A63430D3249F0CA40058046B /* Resources */ = {
			isa = PBXResourcesBuildPhase;
			buildActionMask = 2147483647;
			files = (
				A63430E3249F0CA50058046B /* LaunchScreen.storyboard in Resources */,
				A63430E0249F0CA50058046B /* Assets.xcassets in Resources */,
				A63430DE249F0CA40058046B /* Main.storyboard in Resources */,
			);
			runOnlyForDeploymentPostprocessing = 0;
		};
		A63430E7249F0CA60058046B /* Resources */ = {
			isa = PBXResourcesBuildPhase;
			buildActionMask = 2147483647;
			files = (
			);
			runOnlyForDeploymentPostprocessing = 0;
		};
		A63430F2249F0CA60058046B /* Resources */ = {
			isa = PBXResourcesBuildPhase;
			buildActionMask = 2147483647;
			files = (
			);
			runOnlyForDeploymentPostprocessing = 0;
		};
/* End PBXResourcesBuildPhase section */

/* Begin PBXSourcesBuildPhase section */
		A63430D1249F0CA40058046B /* Sources */ = {
			isa = PBXSourcesBuildPhase;
			buildActionMask = 2147483647;
			files = (
				A63430DB249F0CA40058046B /* ViewController.swift in Sources */,
				A63430D9249F0CA40058046B /* AppDelegate.swift in Sources */,
			);
			runOnlyForDeploymentPostprocessing = 0;
		};
		A63430E5249F0CA60058046B /* Sources */ = {
			isa = PBXSourcesBuildPhase;
			buildActionMask = 2147483647;
			files = (
				A63430EE249F0CA60058046B /* ThaBong2Tests.swift in Sources */,
			);
			runOnlyForDeploymentPostprocessing = 0;
		};
		A63430F0249F0CA60058046B /* Sources */ = {
			isa = PBXSourcesBuildPhase;
			buildActionMask = 2147483647;
			files = (
				A63430F9249F0CA60058046B /* ThaBong2UITests.swift in Sources */,
			);
			runOnlyForDeploymentPostprocessing = 0;
		};
/* End PBXSourcesBuildPhase section */

/* Begin PBXTargetDependency section */
		A63430EB249F0CA60058046B /* PBXTargetDependency */ = {
			isa = PBXTargetDependency;
			target = A63430D4249F0CA40058046B /* ThaBong2 */;
			targetProxy = A63430EA249F0CA60058046B /* PBXContainerItemProxy */;
		};
		A63430F6249F0CA60058046B /* PBXTargetDependency */ = {
			isa = PBXTargetDependency;
			target = A63430D4249F0CA40058046B /* ThaBong2 */;
			targetProxy = A63430F5249F0CA60058046B /* PBXContainerItemProxy */;
		};
/* End PBXTargetDependency section */

/* Begin PBXVariantGroup section */
		A63430DC249F0CA40058046B /* Main.storyboard */ = {
			isa = PBXVariantGroup;
			children = (
				A63430DD249F0CA40058046B /* Base */,
			);
			name = Main.storyboard;
			sourceTree = "<group>";
		};
		A63430E1249F0CA50058046B /* LaunchScreen.storyboard */ = {
			isa = PBXVariantGroup;
			children = (
				A63430E2249F0CA50058046B /* Base */,
			);
			name = LaunchScreen.storyboard;
			sourceTree = "<group>";
		};
/* End PBXVariantGroup section */

/* Begin XCBuildConfiguration section */
		A63430FB249F0CA60058046B /* Debug */ = {
			isa = XCBuildConfiguration;
			buildSettings = {
				ALWAYS_SEARCH_USER_PATHS = NO;
				CLANG_ANALYZER_NONNULL = YES;
				CLANG_ANALYZER_NUMBER_OBJECT_CONVERSION = YES_AGGRESSIVE;
				CLANG_CXX_LANGUAGE_STANDARD = "gnu++14";
				CLANG_CXX_LIBRARY = "libc++";
				CLANG_ENABLE_MODULES = YES;
				CLANG_ENABLE_OBJC_ARC = YES;
				CLANG_ENABLE_OBJC_WEAK = YES;
				CLANG_WARN_BLOCK_CAPTURE_AUTORELEASING = YES;
				CLANG_WARN_BOOL_CONVERSION = YES;
				CLANG_WARN_COMMA = YES;
				CLANG_WARN_CONSTANT_CONVERSION = YES;
				CLANG_WARN_DEPRECATED_OBJC_IMPLEMENTATIONS = YES;
				CLANG_WARN_DIRECT_OBJC_ISA_USAGE = YES_ERROR;
				CLANG_WARN_DOCUMENTATION_COMMENTS = YES;
				CLANG_WARN_EMPTY_BODY = YES;
				CLANG_WARN_ENUM_CONVERSION = YES;
				CLANG_WARN_INFINITE_RECURSION = YES;
				CLANG_WARN_INT_CONVERSION = YES;
				CLANG_WARN_NON_LITERAL_NULL_CONVERSION = YES;
				CLANG_WARN_OBJC_IMPLICIT_RETAIN_SELF = YES;
				CLANG_WARN_OBJC_LITERAL_CONVERSION = YES;
				CLANG_WARN_OBJC_ROOT_CLASS = YES_ERROR;
				CLANG_WARN_RANGE_LOOP_ANALYSIS = YES;
				CLANG_WARN_STRICT_PROTOTYPES = YES;
				CLANG_WARN_SUSPICIOUS_MOVE = YES;
				CLANG_WARN_UNGUARDED_AVAILABILITY = YES_AGGRESSIVE;
				CLANG_WARN_UNREACHABLE_CODE = YES;
				CLANG_WARN__DUPLICATE_METHOD_MATCH = YES;
				CODE_SIGN_IDENTITY = "iPhone Developer";
				COPY_PHASE_STRIP = NO;
				DEBUG_INFORMATION_FORMAT = dwarf;
				ENABLE_STRICT_OBJC_MSGSEND = YES;
				ENABLE_TESTABILITY = YES;
				GCC_C_LANGUAGE_STANDARD = gnu11;
				GCC_DYNAMIC_NO_PIC = NO;
				GCC_NO_COMMON_BLOCKS = YES;
				GCC_OPTIMIZATION_LEVEL = 0;
				GCC_PREPROCESSOR_DEFINITIONS = (
					"DEBUG=1",
					"$(inherited)",
				);
				GCC_WARN_64_TO_32_BIT_CONVERSION = YES;
				GCC_WARN_ABOUT_RETURN_TYPE = YES_ERROR;
				GCC_WARN_UNDECLARED_SELECTOR = YES;
				GCC_WARN_UNINITIALIZED_AUTOS = YES_AGGRESSIVE;
				GCC_WARN_UNUSED_FUNCTION = YES;
				GCC_WARN_UNUSED_VARIABLE = YES;
				IPHONEOS_DEPLOYMENT_TARGET = 12.1;
				MTL_ENABLE_DEBUG_INFO = INCLUDE_SOURCE;
				MTL_FAST_MATH = YES;
				ONLY_ACTIVE_ARCH = YES;
				SDKROOT = iphoneos;
				SWIFT_ACTIVE_COMPILATION_CONDITIONS = DEBUG;
				SWIFT_OPTIMIZATION_LEVEL = "-Onone";
			};
			name = Debug;
		};
		A63430FC249F0CA60058046B /* Release */ = {
			isa = XCBuildConfiguration;
			buildSettings = {
				ALWAYS_SEARCH_USER_PATHS = NO;
				CLANG_ANALYZER_NONNULL = YES;
				CLANG_ANALYZER_NUMBER_OBJECT_CONVERSION = YES_AGGRESSIVE;
				CLANG_CXX_LANGUAGE_STANDARD = "gnu++14";
				CLANG_CXX_LIBRARY = "libc++";
				CLANG_ENABLE_MODULES = YES;
				CLANG_ENABLE_OBJC_ARC = YES;
				CLANG_ENABLE_OBJC_WEAK = YES;
				CLANG_WARN_BLOCK_CAPTURE_AUTORELEASING = YES;
				CLANG_WARN_BOOL_CONVERSION = YES;
				CLANG_WARN_COMMA = YES;
				CLANG_WARN_CONSTANT_CONVERSION = YES;
				CLANG_WARN_DEPRECATED_OBJC_IMPLEMENTATIONS = YES;
				CLANG_WARN_DIRECT_OBJC_ISA_USAGE = YES_ERROR;
				CLANG_WARN_DOCUMENTATION_COMMENTS = YES;
				CLANG_WARN_EMPTY_BODY = YES;
				CLANG_WARN_ENUM_CONVERSION = YES;
				CLANG_WARN_INFINITE_RECURSION = YES;
				CLANG_WARN_INT_CONVERSION = YES;
				CLANG_WARN_NON_LITERAL_NULL_CONVERSION = YES;
				CLANG_WARN_OBJC_IMPLICIT_RETAIN_SELF = YES;
				CLANG_WARN_OBJC_LITERAL_CONVERSION = YES;
				CLANG_WARN_OBJC_ROOT_CLASS = YES_ERROR;
				CLANG_WARN_RANGE_LOOP_ANALYSIS = YES;
				CLANG_WARN_STRICT_PROTOTYPES = YES;
				CLANG_WARN_SUSPICIOUS_MOVE = YES;
				CLANG_WARN_UNGUARDED_AVAILABILITY = YES_AGGRESSIVE;
				CLANG_WARN_UNREACHABLE_CODE = YES;
				CLANG_WARN__DUPLICATE_METHOD_MATCH = YES;
				CODE_SIGN_IDENTITY = "iPhone Developer";
				COPY_PHASE_STRIP = NO;
				DEBUG_INFORMATION_FORMAT = "dwarf-with-dsym";
				ENABLE_NS_ASSERTIONS = NO;
				ENABLE_STRICT_OBJC_MSGSEND = YES;
				GCC_C_LANGUAGE_STANDARD = gnu11;
				GCC_NO_COMMON_BLOCKS = YES;
				GCC_WARN_64_TO_32_BIT_CONVERSION = YES;
				GCC_WARN_ABOUT_RETURN_TYPE = YES_ERROR;
				GCC_WARN_UNDECLARED_SELECTOR = YES;
				GCC_WARN_UNINITIALIZED_AUTOS = YES_AGGRESSIVE;
				GCC_WARN_UNUSED_FUNCTION = YES;
				GCC_WARN_UNUSED_VARIABLE = YES;
				IPHONEOS_DEPLOYMENT_TARGET = 12.1;
				MTL_ENABLE_DEBUG_INFO = NO;
				MTL_FAST_MATH = YES;
				SDKROOT = iphoneos;
				SWIFT_COMPILATION_MODE = wholemodule;
				SWIFT_OPTIMIZATION_LEVEL = "-O";
				VALIDATE_PRODUCT = YES;
			};
			name = Release;
		};
		A63430FE249F0CA60058046B /* Debug */ = {
			isa = XCBuildConfiguration;
			buildSettings = {
				ASSETCATALOG_COMPILER_APPICON_NAME = AppIcon;
				CODE_SIGN_STYLE = Automatic;
				INFOPLIST_FILE = ThaBong2/Info.plist;
				LD_RUNPATH_SEARCH_PATHS = (
					"$(inherited)",
					"@executable_path/Frameworks",
				);
				PRODUCT_BUNDLE_IDENTIFIER = com.tung.ThaBong2;
				PRODUCT_NAME = "$(TARGET_NAME)";
				SWIFT_VERSION = 4.2;
				TARGETED_DEVICE_FAMILY = "1,2";
			};
			name = Debug;
		};
		A63430FF249F0CA60058046B /* Release */ = {
			isa = XCBuildConfiguration;
			buildSettings = {
				ASSETCATALOG_COMPILER_APPICON_NAME = AppIcon;
				CODE_SIGN_STYLE = Automatic;
				INFOPLIST_FILE = ThaBong2/Info.plist;
				LD_RUNPATH_SEARCH_PATHS = (
					"$(inherited)",
					"@executable_path/Frameworks",
				);
				PRODUCT_BUNDLE_IDENTIFIER = com.tung.ThaBong2;
				PRODUCT_NAME = "$(TARGET_NAME)";
				SWIFT_VERSION = 4.2;
				TARGETED_DEVICE_FAMILY = "1,2";
			};
			name = Release;
		};
		A6343101249F0CA60058046B /* Debug */ = {
			isa = XCBuildConfiguration;
			buildSettings = {
				ALWAYS_EMBED_SWIFT_STANDARD_LIBRARIES = YES;
				BUNDLE_LOADER = "$(TEST_HOST)";
				CODE_SIGN_STYLE = Automatic;
				INFOPLIST_FILE = ThaBong2Tests/Info.plist;
				LD_RUNPATH_SEARCH_PATHS = (
					"$(inherited)",
					"@executable_path/Frameworks",
					"@loader_path/Frameworks",
				);
				PRODUCT_BUNDLE_IDENTIFIER = com.tung.ThaBong2Tests;
				PRODUCT_NAME = "$(TARGET_NAME)";
				SWIFT_VERSION = 4.2;
				TARGETED_DEVICE_FAMILY = "1,2";
				TEST_HOST = "$(BUILT_PRODUCTS_DIR)/ThaBong2.app/ThaBong2";
			};
			name = Debug;
		};
		A6343102249F0CA60058046B /* Release */ = {
			isa = XCBuildConfiguration;
			buildSettings = {
				ALWAYS_EMBED_SWIFT_STANDARD_LIBRARIES = YES;
				BUNDLE_LOADER = "$(TEST_HOST)";
				CODE_SIGN_STYLE = Automatic;
				INFOPLIST_FILE = ThaBong2Tests/Info.plist;
				LD_RUNPATH_SEARCH_PATHS = (
					"$(inherited)",
					"@executable_path/Frameworks",
					"@loader_path/Frameworks",
				);
				PRODUCT_BUNDLE_IDENTIFIER = com.tung.ThaBong2Tests;
				PRODUCT_NAME = "$(TARGET_NAME)";
				SWIFT_VERSION = 4.2;
				TARGETED_DEVICE_FAMILY = "1,2";
				TEST_HOST = "$(BUILT_PRODUCTS_DIR)/ThaBong2.app/ThaBong2";
			};
			name = Release;
		};
		A6343104249F0CA60058046B /* Debug */ = {
			isa = XCBuildConfiguration;
			buildSettings = {
				ALWAYS_EMBED_SWIFT_STANDARD_LIBRARIES = YES;
				CODE_SIGN_STYLE = Automatic;
				INFOPLIST_FILE = ThaBong2UITests/Info.plist;
				LD_RUNPATH_SEARCH_PATHS = (
					"$(inherited)",
					"@executable_path/Frameworks",
					"@loader_path/Frameworks",
				);
				PRODUCT_BUNDLE_IDENTIFIER = com.tung.ThaBong2UITests;
				PRODUCT_NAME = "$(TARGET_NAME)";
				SWIFT_VERSION = 4.2;
				TARGETED_DEVICE_FAMILY = "1,2";
				TEST_TARGET_NAME = ThaBong2;
			};
			name = Debug;
		};
		A6343105249F0CA60058046B /* Release */ = {
			isa = XCBuildConfiguration;
			buildSettings = {
				ALWAYS_EMBED_SWIFT_STANDARD_LIBRARIES = YES;
				CODE_SIGN_STYLE = Automatic;
				INFOPLIST_FILE = ThaBong2UITests/Info.plist;
				LD_RUNPATH_SEARCH_PATHS = (
					"$(inherited)",
					"@executable_path/Frameworks",
					"@loader_path/Frameworks",
				);
				PRODUCT_BUNDLE_IDENTIFIER = com.tung.ThaBong2UITests;
				PRODUCT_NAME = "$(TARGET_NAME)";
				SWIFT_VERSION = 4.2;
				TARGETED_DEVICE_FAMILY = "1,2";
				TEST_TARGET_NAME = ThaBong2;
			};
			name = Release;
		};
/* End XCBuildConfiguration section */

/* Begin XCConfigurationList section */
		A63430D0249F0CA40058046B /* Build configuration list for PBXProject "ThaBong2" */ = {
			isa = XCConfigurationList;
			buildConfigurations = (
				A63430FB249F0CA60058046B /* Debug */,
				A63430FC249F0CA60058046B /* Release */,
			);
			defaultConfigurationIsVisible = 0;
			defaultConfigurationName = Release;
		};
		A63430FD249F0CA60058046B /* Build configuration list for PBXNativeTarget "ThaBong2" */ = {
			isa = XCConfigurationList;
			buildConfigurations = (
				A63430FE249F0CA60058046B /* Debug */,
				A63430FF249F0CA60058046B /* Release */,
			);
			defaultConfigurationIsVisible = 0;
			defaultConfigurationName = Release;
		};
		A6343100249F0CA60058046B /* Build configuration list for PBXNativeTarget "ThaBong2Tests" */ = {
			isa = XCConfigurationList;
			buildConfigurations = (
				A6343101249F0CA60058046B /* Debug */,
				A6343102249F0CA60058046B /* Release */,
			);
			defaultConfigurationIsVisible = 0;
			defaultConfigurationName = Release;
		};
		A6343103249F0CA60058046B /* Build configuration list for PBXNativeTarget "ThaBong2UITests" */ = {
			isa = XCConfigurationList;
			buildConfigurations = (
				A6343104249F0CA60058046B /* Debug */,
				A6343105249F0CA60058046B /* Release */,
			);
			defaultConfigurationIsVisible = 0;
			defaultConfigurationName = Release;
		};
/* End XCConfigurationList section */
	};
	rootObject = A63430CD249F0CA40058046B /* Project object */;
}
